{
  "originHash" : "ba3e45311b253485177fcad22a3684b8aa91021e772ccba80d787a119b022149",
  "pins" : [
    {
      "identity" : "panproto-swift",
      "kind" : "remoteSourceControl",
      "location" : "https://github.com/panproto/panproto-swift.git",
      "state" : {
        "revision" : "99855a0bc4c2f9cc43abe130b6753fbc626ccbce",
        "version" : "0.70.1"
      }
    }
  ],
  "version" : 3
}
