{
  "originHash" : "dbd3028aab4a8f66a68e8bc09c4bf60bfc5b3fc5b6cf35edbb977553a64db832",
  "pins" : [
    {
      "identity" : "panproto-swift",
      "kind" : "remoteSourceControl",
      "location" : "https://github.com/panproto/panproto-swift.git",
      "state" : {
        "revision" : "99855a0bc4c2f9cc43abe130b6753fbc626ccbce",
        "version" : "0.70.1"
      }
    }
  ],
  "version" : 3
}
